// !$*UTF8*$!
{
	archiveVersion = 1;
	classes = {
	};
	objectVersion = 46;
	objects = {

/* Begin PBXBuildFile section */
		80C692B81C50D240005E3C2C /* main.m in Sources */ = {isa = PBXBuildFile; fileRef = 80C692B71C50D240005E3C2C /* main.m */; };
		80C692C41C5102A9005E3C2C /* EnumDataType.m in Sources */ = {isa = PBXBuildFile; fileRef = 80C692C31C5102A9005E3C2C /* EnumDataType.m */; };
		80C692C61C5102D1005E3C2C /* StructDataType.m in Sources */ = {isa = PBXBuildFile; fileRef = 80C692C51C5102D1005E3C2C /* StructDataType.m */; };
		80C692C81C5109B1005E3C2C /* PointerDataType.m in Sources */ = {isa = PBXBuildFile; fileRef = 80C692C71C5109B1005E3C2C /* PointerDataType.m */; };
		80C692CA1C511BF6005E3C2C /* FunctionDataType.m in Sources */ = {isa = PBXBuildFile; fileRef = 80C692C91C511BF6005E3C2C /* FunctionDataType.m */; };
		80C692CC1C51277E005E3C2C /* ControllFlow.m in Sources */ = {isa = PBXBuildFile; fileRef = 80C692CB1C51277E005E3C2C /* ControllFlow.m */; };
		80CBC6F71C5765D80014D713 /* ClassesBasic.m in Sources */ = {isa = PBXBuildFile; fileRef = 80CBC6F61C5765D80014D713 /* ClassesBasic.m */; };
/* End PBXBuildFile section */

/* Begin PBXCopyFilesBuildPhase section */
		80C692B21C50D240005E3C2C /* CopyFiles */ = {
			isa = PBXCopyFilesBuildPhase;
			buildActionMask = 2147483647;
			dstPath = /usr/share/man/man1/;
			dstSubfolderSpec = 0;
			files = (
			);
			runOnlyForDeploymentPostprocessing = 1;
		};
/* End PBXCopyFilesBuildPhase section */

/* Begin PBXFileReference section */
		80C692B41C50D240005E3C2C /* FirstCommandApp */ = {isa = PBXFileReference; explicitFileType = "compiled.mach-o.executable"; includeInIndex = 0; path = FirstCommandApp; sourceTree = BUILT_PRODUCTS_DIR; };
		80C692B71C50D240005E3C2C /* main.m */ = {isa = PBXFileReference; lastKnownFileType = sourcecode.c.objc; path = main.m; sourceTree = "<group>"; };
		80C692C11C50F6AA005E3C2C /* DataTypes.h */ = {isa = PBXFileReference; fileEncoding = 4; lastKnownFileType = sourcecode.c.h; path = DataTypes.h; sourceTree = "<group>"; };
		80C692C31C5102A9005E3C2C /* EnumDataType.m */ = {isa = PBXFileReference; fileEncoding = 4; lastKnownFileType = sourcecode.c.objc; path = EnumDataType.m; sourceTree = "<group>"; };
		80C692C51C5102D1005E3C2C /* StructDataType.m */ = {isa = PBXFileReference; fileEncoding = 4; lastKnownFileType = sourcecode.c.objc; path = StructDataType.m; sourceTree = "<group>"; };
		80C692C71C5109B1005E3C2C /* PointerDataType.m */ = {isa = PBXFileReference; fileEncoding = 4; lastKnownFileType = sourcecode.c.objc; path = PointerDataType.m; sourceTree = "<group>"; };
		80C692C91C511BF6005E3C2C /* FunctionDataType.m */ = {isa = PBXFileReference; fileEncoding = 4; lastKnownFileType = sourcecode.c.objc; path = FunctionDataType.m; sourceTree = "<group>"; };
		80C692CB1C51277E005E3C2C /* ControllFlow.m */ = {isa = PBXFileReference; fileEncoding = 4; lastKnownFileType = sourcecode.c.objc; path = ControllFlow.m; sourceTree = "<group>"; };
		80CBC6F51C5765D80014D713 /* ClassesBasic.h */ = {isa = PBXFileReference; fileEncoding = 4; lastKnownFileType = sourcecode.c.h; path = ClassesBasic.h; sourceTree = "<group>"; };
		80CBC6F61C5765D80014D713 /* ClassesBasic.m */ = {isa = PBXFileReference; fileEncoding = 4; lastKnownFileType = sourcecode.c.objc; path = ClassesBasic.m; sourceTree = "<group>"; };
/* End PBXFileReference section */

/* Begin PBXFrameworksBuildPhase section */
		80C692B11C50D240005E3C2C /* Frameworks */ = {
			isa = PBXFrameworksBuildPhase;
			buildActionMask = 2147483647;
			files = (
			);
			runOnlyForDeploymentPostprocessing = 0;
		};
/* End PBXFrameworksBuildPhase section */

/* Begin PBXGroup section */
		8014A76B1C5219C2003BB4C9 /* Collections */ = {
			isa = PBXGroup;
			children = (
			);
			name = Collections;
			sourceTree = "<group>";
		};
		80C692AB1C50D23F005E3C2C = {
			isa = PBXGroup;
			children = (
				80C692B61C50D240005E3C2C /* FirstCommandApp */,
				80C692B51C50D240005E3C2C /* Products */,
			);
			sourceTree = "<group>";
		};
		80C692B51C50D240005E3C2C /* Products */ = {
			isa = PBXGroup;
			children = (
				80C692B41C50D240005E3C2C /* FirstCommandApp */,
			);
			name = Products;
			sourceTree = "<group>";
		};
		80C692B61C50D240005E3C2C /* FirstCommandApp */ = {
			isa = PBXGroup;
			children = (
				80CBC6F41C57659A0014D713 /* Classes */,
				80C692C01C50F675005E3C2C /* Headers */,
				80C692C21C50F6CB005E3C2C /* DataTypes */,
				8014A76B1C5219C2003BB4C9 /* Collections */,
				80C692B71C50D240005E3C2C /* main.m */,
			);
			path = FirstCommandApp;
			sourceTree = "<group>";
		};
		80C692C01C50F675005E3C2C /* Headers */ = {
			isa = PBXGroup;
			children = (
				80C692C11C50F6AA005E3C2C /* DataTypes.h */,
			);
			name = Headers;
			sourceTree = "<group>";
		};
		80C692C21C50F6CB005E3C2C /* DataTypes */ = {
			isa = PBXGroup;
			children = (
				80C692C31C5102A9005E3C2C /* EnumDataType.m */,
				80C692C51C5102D1005E3C2C /* StructDataType.m */,
				80C692C71C5109B1005E3C2C /* PointerDataType.m */,
				80C692C91C511BF6005E3C2C /* FunctionDataType.m */,
				80C692CB1C51277E005E3C2C /* ControllFlow.m */,
			);
			name = DataTypes;
			sourceTree = "<group>";
		};
		80CBC6F41C57659A0014D713 /* Classes */ = {
			isa = PBXGroup;
			children = (
				80CBC6F51C5765D80014D713 /* ClassesBasic.h */,
				80CBC6F61C5765D80014D713 /* ClassesBasic.m */,
			);
			name = Classes;
			sourceTree = "<group>";
		};
/* End PBXGroup section */

/* Begin PBXNativeTarget section */
		80C692B31C50D240005E3C2C /* FirstCommandApp */ = {
			isa = PBXNativeTarget;
			buildConfigurationList = 80C692BB1C50D240005E3C2C /* Build configuration list for PBXNativeTarget "FirstCommandApp" */;
			buildPhases = (
				80C692B01C50D240005E3C2C /* Sources */,
				80C692B11C50D240005E3C2C /* Frameworks */,
				80C692B21C50D240005E3C2C /* CopyFiles */,
			);
			buildRules = (
			);
			dependencies = (
			);
			name = FirstCommandApp;
			productName = FirstCommandApp;
			productReference = 80C692B41C50D240005E3C2C /* FirstCommandApp */;
			productType = "com.apple.product-type.tool";
		};
/* End PBXNativeTarget section */

/* Begin PBXProject section */
		80C692AC1C50D23F005E3C2C /* Project object */ = {
			isa = PBXProject;
			attributes = {
				LastUpgradeCheck = 0720;
				ORGANIZATIONNAME = Melentyev;
				TargetAttributes = {
					80C692B31C50D240005E3C2C = {
						CreatedOnToolsVersion = 7.2;
					};
				};
			};
			buildConfigurationList = 80C692AF1C50D23F005E3C2C /* Build configuration list for PBXProject "FirstCommandApp" */;
			compatibilityVersion = "Xcode 3.2";
			developmentRegion = English;
			hasScannedForEncodings = 0;
			knownRegions = (
				en,
			);
			mainGroup = 80C692AB1C50D23F005E3C2C;
			productRefGroup = 80C692B51C50D240005E3C2C /* Products */;
			projectDirPath = "";
			projectRoot = "";
			targets = (
				80C692B31C50D240005E3C2C /* FirstCommandApp */,
			);
		};
/* End PBXProject section */

/* Begin PBXSourcesBuildPhase section */
		80C692B01C50D240005E3C2C /* Sources */ = {
			isa = PBXSourcesBuildPhase;
			buildActionMask = 2147483647;
			files = (
				80C692CC1C51277E005E3C2C /* ControllFlow.m in Sources */,
				80C692C41C5102A9005E3C2C /* EnumDataType.m in Sources */,
				80CBC6F71C5765D80014D713 /* ClassesBasic.m in Sources */,
				80C692C81C5109B1005E3C2C /* PointerDataType.m in Sources */,
				80C692CA1C511BF6005E3C2C /* FunctionDataType.m in Sources */,
				80C692C61C5102D1005E3C2C /* StructDataType.m in Sources */,
				80C692B81C50D240005E3C2C /* main.m in Sources */,
			);
			runOnlyForDeploymentPostprocessing = 0;
		};
/* End PBXSourcesBuildPhase section */

/* Begin XCBuildConfiguration section */
		80C692B91C50D240005E3C2C /* Debug */ = {
			isa = XCBuildConfiguration;
			buildSettings = {
				ALWAYS_SEARCH_USER_PATHS = NO;
				CLANG_CXX_LANGUAGE_STANDARD = "gnu++0x";
				CLANG_CXX_LIBRARY = "libc++";
				CLANG_ENABLE_MODULES = YES;
				CLANG_ENABLE_OBJC_ARC = YES;
				CLANG_WARN_BOOL_CONVERSION = YES;
				CLANG_WARN_CONSTANT_CONVERSION = YES;
				CLANG_WARN_DIRECT_OBJC_ISA_USAGE = YES_ERROR;
				CLANG_WARN_EMPTY_BODY = YES;
				CLANG_WARN_ENUM_CONVERSION = YES;
				CLANG_WARN_INT_CONVERSION = YES;
				CLANG_WARN_OBJC_ROOT_CLASS = YES_ERROR;
				CLANG_WARN_UNREACHABLE_CODE = YES;
				CLANG_WARN__DUPLICATE_METHOD_MATCH = YES;
				CODE_SIGN_IDENTITY = "-";
				COPY_PHASE_STRIP = NO;
				DEBUG_INFORMATION_FORMAT = dwarf;
				ENABLE_STRICT_OBJC_MSGSEND = YES;
				ENABLE_TESTABILITY = YES;
				GCC_C_LANGUAGE_STANDARD = gnu99;
				GCC_DYNAMIC_NO_PIC = NO;
				GCC_NO_COMMON_BLOCKS = YES;
				GCC_OPTIMIZATION_LEVEL = 0;
				GCC_PREPROCESSOR_DEFINITIONS = (
					"DEBUG=1",
					"$(inherited)",
				);
				GCC_WARN_64_TO_32_BIT_CONVERSION = YES;
				GCC_WARN_ABOUT_RETURN_TYPE = YES_ERROR;
				GCC_WARN_UNDECLARED_SELECTOR = YES;
				GCC_WARN_UNINITIALIZED_AUTOS = YES_AGGRESSIVE;
				GCC_WARN_UNUSED_FUNCTION = YES;
				GCC_WARN_UNUSED_VARIABLE = YES;
				MACOSX_DEPLOYMENT_TARGET = 10.11;
				MTL_ENABLE_DEBUG_INFO = YES;
				ONLY_ACTIVE_ARCH = YES;
				SDKROOT = macosx;
			};
			name = Debug;
		};
		80C692BA1C50D240005E3C2C /* Release */ = {
			isa = XCBuildConfiguration;
			buildSettings = {
				ALWAYS_SEARCH_USER_PATHS = NO;
				CLANG_CXX_LANGUAGE_STANDARD = "gnu++0x";
				CLANG_CXX_LIBRARY = "libc++";
				CLANG_ENABLE_MODULES = YES;
				CLANG_ENABLE_OBJC_ARC = YES;
				CLANG_WARN_BOOL_CONVERSION = YES;
				CLANG_WARN_CONSTANT_CONVERSION = YES;
				CLANG_WARN_DIRECT_OBJC_ISA_USAGE = YES_ERROR;
				CLANG_WARN_EMPTY_BODY = YES;
				CLANG_WARN_ENUM_CONVERSION = YES;
				CLANG_WARN_INT_CONVERSION = YES;
				CLANG_WARN_OBJC_ROOT_CLASS = YES_ERROR;
				CLANG_WARN_UNREACHABLE_CODE = YES;
				CLANG_WARN__DUPLICATE_METHOD_MATCH = YES;
				CODE_SIGN_IDENTITY = "-";
				COPY_PHASE_STRIP = NO;
				DEBUG_INFORMATION_FORMAT = "dwarf-with-dsym";
				ENABLE_NS_ASSERTIONS = NO;
				ENABLE_STRICT_OBJC_MSGSEND = YES;
				GCC_C_LANGUAGE_STANDARD = gnu99;
				GCC_NO_COMMON_BLOCKS = YES;
				GCC_WARN_64_TO_32_BIT_CONVERSION = YES;
				GCC_WARN_ABOUT_RETURN_TYPE = YES_ERROR;
				GCC_WARN_UNDECLARED_SELECTOR = YES;
				GCC_WARN_UNINITIALIZED_AUTOS = YES_AGGRESSIVE;
				GCC_WARN_UNUSED_FUNCTION = YES;
				GCC_WARN_UNUSED_VARIABLE = YES;
				MACOSX_DEPLOYMENT_TARGET = 10.11;
				MTL_ENABLE_DEBUG_INFO = NO;
				SDKROOT = macosx;
			};
			name = Release;
		};
		80C692BC1C50D240005E3C2C /* Debug */ = {
			isa = XCBuildConfiguration;
			buildSettings = {
				PRODUCT_NAME = "$(TARGET_NAME)";
			};
			name = Debug;
		};
		80C692BD1C50D240005E3C2C /* Release */ = {
			isa = XCBuildConfiguration;
			buildSettings = {
				PRODUCT_NAME = "$(TARGET_NAME)";
			};
			name = Release;
		};
/* End XCBuildConfiguration section */

/* Begin XCConfigurationList section */
		80C692AF1C50D23F005E3C2C /* Build configuration list for PBXProject "FirstCommandApp" */ = {
			isa = XCConfigurationList;
			buildConfigurations = (
				80C692B91C50D240005E3C2C /* Debug */,
				80C692BA1C50D240005E3C2C /* Release */,
			);
			defaultConfigurationIsVisible = 0;
			defaultConfigurationName = Release;
		};
		80C692BB1C50D240005E3C2C /* Build configuration list for PBXNativeTarget "FirstCommandApp" */ = {
			isa = XCConfigurationList;
			buildConfigurations = (
				80C692BC1C50D240005E3C2C /* Debug */,
				80C692BD1C50D240005E3C2C /* Release */,
			);
			defaultConfigurationIsVisible = 0;
			defaultConfigurationName = Release;
		};
/* End XCConfigurationList section */
	};
	rootObject = 80C692AC1C50D23F005E3C2C /* Project object */;
}
