// !$*UTF8*$!
{
	archiveVersion = 1;
	classes = {
	};
	objectVersion = 46;
	objects = {

/* Begin PBXBuildFile section */
		8039746A1C32CA3700910993 /* ImplementClass.m in Sources */ = {isa = PBXBuildFile; fileRef = 803974691C32CA3700910993 /* ImplementClass.m */; };
		80AF2E631C3125A400279E76 /* main.m in Sources */ = {isa = PBXBuildFile; fileRef = 80AF2E621C3125A400279E76 /* main.m */; };
		80AF2E6F1C317DC000279E76 /* FactorialModule.c in Sources */ = {isa = PBXBuildFile; fileRef = 80AF2E6D1C317DC000279E76 /* FactorialModule.c */; };
/* End PBXBuildFile section */

/* Begin PBXCopyFilesBuildPhase section */
		80AF2E5D1C3125A400279E76 /* CopyFiles */ = {
			isa = PBXCopyFilesBuildPhase;
			buildActionMask = 2147483647;
			dstPath = /usr/share/man/man1/;
			dstSubfolderSpec = 0;
			files = (
			);
			runOnlyForDeploymentPostprocessing = 1;
		};
/* End PBXCopyFilesBuildPhase section */

/* Begin PBXFileReference section */
		803974671C32C58600910993 /* DeclareClass.h */ = {isa = PBXFileReference; lastKnownFileType = sourcecode.c.h; path = DeclareClass.h; sourceTree = "<group>"; };
		803974691C32CA3700910993 /* ImplementClass.m */ = {isa = PBXFileReference; fileEncoding = 4; lastKnownFileType = sourcecode.c.objc; path = ImplementClass.m; sourceTree = "<group>"; };
		80AF2E5F1C3125A400279E76 /* FirstStart */ = {isa = PBXFileReference; explicitFileType = "compiled.mach-o.executable"; includeInIndex = 0; path = FirstStart; sourceTree = BUILT_PRODUCTS_DIR; };
		80AF2E621C3125A400279E76 /* main.m */ = {isa = PBXFileReference; lastKnownFileType = sourcecode.c.objc; path = main.m; sourceTree = "<group>"; };
		80AF2E6D1C317DC000279E76 /* FactorialModule.c */ = {isa = PBXFileReference; fileEncoding = 4; lastKnownFileType = sourcecode.c.c; path = FactorialModule.c; sourceTree = "<group>"; };
		80AF2E6E1C317DC000279E76 /* FactorialModule.h */ = {isa = PBXFileReference; fileEncoding = 4; lastKnownFileType = sourcecode.c.h; path = FactorialModule.h; sourceTree = "<group>"; };
		80AF2E711C31842400279E76 /* ControlFlow.h */ = {isa = PBXFileReference; fileEncoding = 4; lastKnownFileType = sourcecode.c.h; path = ControlFlow.h; sourceTree = "<group>"; };
/* End PBXFileReference section */

/* Begin PBXFrameworksBuildPhase section */
		80AF2E5C1C3125A400279E76 /* Frameworks */ = {
			isa = PBXFrameworksBuildPhase;
			buildActionMask = 2147483647;
			files = (
			);
			runOnlyForDeploymentPostprocessing = 0;
		};
/* End PBXFrameworksBuildPhase section */

/* Begin PBXGroup section */
		80AF2E561C3125A400279E76 = {
			isa = PBXGroup;
			children = (
				80AF2E611C3125A400279E76 /* FirstStart */,
				80AF2E601C3125A400279E76 /* Products */,
			);
			sourceTree = "<group>";
		};
		80AF2E601C3125A400279E76 /* Products */ = {
			isa = PBXGroup;
			children = (
				80AF2E5F1C3125A400279E76 /* FirstStart */,
			);
			name = Products;
			sourceTree = "<group>";
		};
		80AF2E611C3125A400279E76 /* FirstStart */ = {
			isa = PBXGroup;
			children = (
				80AF2E621C3125A400279E76 /* main.m */,
				80AF2E6D1C317DC000279E76 /* FactorialModule.c */,
				80AF2E6E1C317DC000279E76 /* FactorialModule.h */,
				80AF2E711C31842400279E76 /* ControlFlow.h */,
				803974671C32C58600910993 /* DeclareClass.h */,
				803974691C32CA3700910993 /* ImplementClass.m */,
			);
			path = FirstStart;
			sourceTree = "<group>";
		};
/* End PBXGroup section */

/* Begin PBXNativeTarget section */
		80AF2E5E1C3125A400279E76 /* FirstStart */ = {
			isa = PBXNativeTarget;
			buildConfigurationList = 80AF2E661C3125A400279E76 /* Build configuration list for PBXNativeTarget "FirstStart" */;
			buildPhases = (
				80AF2E5B1C3125A400279E76 /* Sources */,
				80AF2E5C1C3125A400279E76 /* Frameworks */,
				80AF2E5D1C3125A400279E76 /* CopyFiles */,
			);
			buildRules = (
			);
			dependencies = (
			);
			name = FirstStart;
			productName = FirstStart;
			productReference = 80AF2E5F1C3125A400279E76 /* FirstStart */;
			productType = "com.apple.product-type.tool";
		};
/* End PBXNativeTarget section */

/* Begin PBXProject section */
		80AF2E571C3125A400279E76 /* Project object */ = {
			isa = PBXProject;
			attributes = {
				LastUpgradeCheck = 0720;
				ORGANIZATIONNAME = Melentyev;
				TargetAttributes = {
					80AF2E5E1C3125A400279E76 = {
						CreatedOnToolsVersion = 7.2;
					};
				};
			};
			buildConfigurationList = 80AF2E5A1C3125A400279E76 /* Build configuration list for PBXProject "FirstStart" */;
			compatibilityVersion = "Xcode 3.2";
			developmentRegion = English;
			hasScannedForEncodings = 0;
			knownRegions = (
				en,
			);
			mainGroup = 80AF2E561C3125A400279E76;
			productRefGroup = 80AF2E601C3125A400279E76 /* Products */;
			projectDirPath = "";
			projectRoot = "";
			targets = (
				80AF2E5E1C3125A400279E76 /* FirstStart */,
			);
		};
/* End PBXProject section */

/* Begin PBXSourcesBuildPhase section */
		80AF2E5B1C3125A400279E76 /* Sources */ = {
			isa = PBXSourcesBuildPhase;
			buildActionMask = 2147483647;
			files = (
				80AF2E631C3125A400279E76 /* main.m in Sources */,
				80AF2E6F1C317DC000279E76 /* FactorialModule.c in Sources */,
				8039746A1C32CA3700910993 /* ImplementClass.m in Sources */,
			);
			runOnlyForDeploymentPostprocessing = 0;
		};
/* End PBXSourcesBuildPhase section */

/* Begin XCBuildConfiguration section */
		80AF2E641C3125A400279E76 /* Debug */ = {
			isa = XCBuildConfiguration;
			buildSettings = {
				ALWAYS_SEARCH_USER_PATHS = NO;
				CLANG_CXX_LANGUAGE_STANDARD = "gnu++0x";
				CLANG_CXX_LIBRARY = "libc++";
				CLANG_ENABLE_MODULES = YES;
				CLANG_ENABLE_OBJC_ARC = YES;
				CLANG_WARN_BOOL_CONVERSION = YES;
				CLANG_WARN_CONSTANT_CONVERSION = YES;
				CLANG_WARN_DIRECT_OBJC_ISA_USAGE = YES_ERROR;
				CLANG_WARN_EMPTY_BODY = YES;
				CLANG_WARN_ENUM_CONVERSION = YES;
				CLANG_WARN_INT_CONVERSION = YES;
				CLANG_WARN_OBJC_ROOT_CLASS = YES_ERROR;
				CLANG_WARN_UNREACHABLE_CODE = YES;
				CLANG_WARN__DUPLICATE_METHOD_MATCH = YES;
				CODE_SIGN_IDENTITY = "-";
				COPY_PHASE_STRIP = NO;
				DEBUG_INFORMATION_FORMAT = dwarf;
				ENABLE_STRICT_OBJC_MSGSEND = YES;
				ENABLE_TESTABILITY = YES;
				GCC_C_LANGUAGE_STANDARD = gnu99;
				GCC_DYNAMIC_NO_PIC = NO;
				GCC_NO_COMMON_BLOCKS = YES;
				GCC_OPTIMIZATION_LEVEL = 0;
				GCC_PREPROCESSOR_DEFINITIONS = (
					"DEBUG=1",
					"$(inherited)",
				);
				GCC_WARN_64_TO_32_BIT_CONVERSION = YES;
				GCC_WARN_ABOUT_RETURN_TYPE = YES_ERROR;
				GCC_WARN_UNDECLARED_SELECTOR = YES;
				GCC_WARN_UNINITIALIZED_AUTOS = YES_AGGRESSIVE;
				GCC_WARN_UNUSED_FUNCTION = YES;
				GCC_WARN_UNUSED_VARIABLE = YES;
				MACOSX_DEPLOYMENT_TARGET = 10.11;
				MTL_ENABLE_DEBUG_INFO = YES;
				ONLY_ACTIVE_ARCH = YES;
				SDKROOT = macosx;
			};
			name = Debug;
		};
		80AF2E651C3125A400279E76 /* Release */ = {
			isa = XCBuildConfiguration;
			buildSettings = {
				ALWAYS_SEARCH_USER_PATHS = NO;
				CLANG_CXX_LANGUAGE_STANDARD = "gnu++0x";
				CLANG_CXX_LIBRARY = "libc++";
				CLANG_ENABLE_MODULES = YES;
				CLANG_ENABLE_OBJC_ARC = YES;
				CLANG_WARN_BOOL_CONVERSION = YES;
				CLANG_WARN_CONSTANT_CONVERSION = YES;
				CLANG_WARN_DIRECT_OBJC_ISA_USAGE = YES_ERROR;
				CLANG_WARN_EMPTY_BODY = YES;
				CLANG_WARN_ENUM_CONVERSION = YES;
				CLANG_WARN_INT_CONVERSION = YES;
				CLANG_WARN_OBJC_ROOT_CLASS = YES_ERROR;
				CLANG_WARN_UNREACHABLE_CODE = YES;
				CLANG_WARN__DUPLICATE_METHOD_MATCH = YES;
				CODE_SIGN_IDENTITY = "-";
				COPY_PHASE_STRIP = NO;
				DEBUG_INFORMATION_FORMAT = "dwarf-with-dsym";
				ENABLE_NS_ASSERTIONS = NO;
				ENABLE_STRICT_OBJC_MSGSEND = YES;
				GCC_C_LANGUAGE_STANDARD = gnu99;
				GCC_NO_COMMON_BLOCKS = YES;
				GCC_WARN_64_TO_32_BIT_CONVERSION = YES;
				GCC_WARN_ABOUT_RETURN_TYPE = YES_ERROR;
				GCC_WARN_UNDECLARED_SELECTOR = YES;
				GCC_WARN_UNINITIALIZED_AUTOS = YES_AGGRESSIVE;
				GCC_WARN_UNUSED_FUNCTION = YES;
				GCC_WARN_UNUSED_VARIABLE = YES;
				MACOSX_DEPLOYMENT_TARGET = 10.11;
				MTL_ENABLE_DEBUG_INFO = NO;
				SDKROOT = macosx;
			};
			name = Release;
		};
		80AF2E671C3125A400279E76 /* Debug */ = {
			isa = XCBuildConfiguration;
			buildSettings = {
				PRODUCT_NAME = "$(TARGET_NAME)";
			};
			name = Debug;
		};
		80AF2E681C3125A400279E76 /* Release */ = {
			isa = XCBuildConfiguration;
			buildSettings = {
				PRODUCT_NAME = "$(TARGET_NAME)";
			};
			name = Release;
		};
/* End XCBuildConfiguration section */

/* Begin XCConfigurationList section */
		80AF2E5A1C3125A400279E76 /* Build configuration list for PBXProject "FirstStart" */ = {
			isa = XCConfigurationList;
			buildConfigurations = (
				80AF2E641C3125A400279E76 /* Debug */,
				80AF2E651C3125A400279E76 /* Release */,
			);
			defaultConfigurationIsVisible = 0;
			defaultConfigurationName = Release;
		};
		80AF2E661C3125A400279E76 /* Build configuration list for PBXNativeTarget "FirstStart" */ = {
			isa = XCConfigurationList;
			buildConfigurations = (
				80AF2E671C3125A400279E76 /* Debug */,
				80AF2E681C3125A400279E76 /* Release */,
			);
			defaultConfigurationIsVisible = 0;
			defaultConfigurationName = Release;
		};
/* End XCConfigurationList section */
	};
	rootObject = 80AF2E571C3125A400279E76 /* Project object */;
}
